
Microsoft Visual Studio Solution File, Format Version 12.00
# Visual Studio Version 17
VisualStudioVersion = 17.11.35222.181
MinimumVisualStudioVersion = 10.0.40219.1
Project("{9A19103F-16F7-4668-BE54-9A1E7A4F7556}") = "Demo", "Demo\Demo.csproj", "{01360958-C596-4CF5-AC4E-9BDF57CC4F52}"
EndProject
Project("{9A19103F-16F7-4668-BE54-9A1E7A4F7556}") = "WebGpu-ImGUI-SDL2", "WebGpu-ImGUI-SDL2\WebGpu-ImGUI-SDL2.csproj", "{24E43919-48BA-4C43-96AE-AF0E6C35AD68}"
EndProject
Project("{9A19103F-16F7-4668-BE54-9A1E7A4F7556}") = "WebGpuSharp", "WebGPUSharp\WebGpuSharp.csproj", "{89E09E3E-439D-4AD6-BD72-9227EDD257AE}"
EndProject
Global
	GlobalSection(SolutionConfigurationPlatforms) = preSolution
		Debug|Any CPU = Debug|Any CPU
		Release|Any CPU = Release|Any CPU
	EndGlobalSection
	GlobalSection(ProjectConfigurationPlatforms) = postSolution
		{01360958-C596-4CF5-AC4E-9BDF57CC4F52}.Debug|Any CPU.ActiveCfg = Debug|Any CPU
		{01360958-C596-4CF5-AC4E-9BDF57CC4F52}.Debug|Any CPU.Build.0 = Debug|Any CPU
		{01360958-C596-4CF5-AC4E-9BDF57CC4F52}.Release|Any CPU.ActiveCfg = Release|Any CPU
		{01360958-C596-4CF5-AC4E-9BDF57CC4F52}.Release|Any CPU.Build.0 = Release|Any CPU
		{24E43919-48BA-4C43-96AE-AF0E6C35AD68}.Debug|Any CPU.ActiveCfg = Debug|Any CPU
		{24E43919-48BA-4C43-96AE-AF0E6C35AD68}.Debug|Any CPU.Build.0 = Debug|Any CPU
		{24E43919-48BA-4C43-96AE-AF0E6C35AD68}.Release|Any CPU.ActiveCfg = Release|Any CPU
		{24E43919-48BA-4C43-96AE-AF0E6C35AD68}.Release|Any CPU.Build.0 = Release|Any CPU
		{89E09E3E-439D-4AD6-BD72-9227EDD257AE}.Debug|Any CPU.ActiveCfg = Debug|Any CPU
		{89E09E3E-439D-4AD6-BD72-9227EDD257AE}.Debug|Any CPU.Build.0 = Debug|Any CPU
		{89E09E3E-439D-4AD6-BD72-9227EDD257AE}.Release|Any CPU.ActiveCfg = Release|Any CPU
		{89E09E3E-439D-4AD6-BD72-9227EDD257AE}.Release|Any CPU.Build.0 = Release|Any CPU
	EndGlobalSection
	GlobalSection(SolutionProperties) = preSolution
		HideSolutionNode = FALSE
	EndGlobalSection
	GlobalSection(ExtensibilityGlobals) = postSolution
		SolutionGuid = {519F04C4-16D6-4C3B-A3E4-F3F0EB96DBE9}
	EndGlobalSection
EndGlobal
